
Microsoft Visual Studio Solution File, Format Version 12.00
# Visual Studio Version 17
VisualStudioVersion = 17.4.33103.184
MinimumVisualStudioVersion = 10.0.40219.1
Project("{9A19103F-16F7-4668-BE54-9A1E7A4F7556}") = "Day1", "Day1\Day1.csproj", "{5DF6541B-6839-4241-88EE-EC29F62B6117}"
EndProject
Project("{9A19103F-16F7-4668-BE54-9A1E7A4F7556}") = "Day2", "Day2\Day2.csproj", "{DB5E4BA9-B5B4-497B-855F-2EC3B7163A83}"
EndProject
Project("{9A19103F-16F7-4668-BE54-9A1E7A4F7556}") = "Day3", "Day3\Day3.csproj", "{BE07E63E-7F9F-409B-896E-E8E87FC382C6}"
EndProject
Project("{9A19103F-16F7-4668-BE54-9A1E7A4F7556}") = "Day4", "Day4\Day4.csproj", "{3C32482C-6B5A-4741-9DEB-616E9739C0A1}"
EndProject
Project("{9A19103F-16F7-4668-BE54-9A1E7A4F7556}") = "Day5", "Day5\Day5.csproj", "{3877C18F-216D-4F48-BFD6-0F220FF8B2C4}"
EndProject
Project("{FAE04EC0-301F-11D3-BF4B-00C04F79EFBC}") = "Day6", "Day6\Day6.csproj", "{21E3CBA9-3532-47A4-81C1-2B167D84AAFE}"
EndProject
Global
	GlobalSection(SolutionConfigurationPlatforms) = preSolution
		Debug|Any CPU = Debug|Any CPU
		Release|Any CPU = Release|Any CPU
	EndGlobalSection
	GlobalSection(ProjectConfigurationPlatforms) = postSolution
		{5DF6541B-6839-4241-88EE-EC29F62B6117}.Debug|Any CPU.ActiveCfg = Debug|Any CPU
		{5DF6541B-6839-4241-88EE-EC29F62B6117}.Debug|Any CPU.Build.0 = Debug|Any CPU
		{5DF6541B-6839-4241-88EE-EC29F62B6117}.Release|Any CPU.ActiveCfg = Release|Any CPU
		{5DF6541B-6839-4241-88EE-EC29F62B6117}.Release|Any CPU.Build.0 = Release|Any CPU
		{DB5E4BA9-B5B4-497B-855F-2EC3B7163A83}.Debug|Any CPU.ActiveCfg = Debug|Any CPU
		{DB5E4BA9-B5B4-497B-855F-2EC3B7163A83}.Debug|Any CPU.Build.0 = Debug|Any CPU
		{DB5E4BA9-B5B4-497B-855F-2EC3B7163A83}.Release|Any CPU.ActiveCfg = Release|Any CPU
		{DB5E4BA9-B5B4-497B-855F-2EC3B7163A83}.Release|Any CPU.Build.0 = Release|Any CPU
		{BE07E63E-7F9F-409B-896E-E8E87FC382C6}.Debug|Any CPU.ActiveCfg = Debug|Any CPU
		{BE07E63E-7F9F-409B-896E-E8E87FC382C6}.Debug|Any CPU.Build.0 = Debug|Any CPU
		{BE07E63E-7F9F-409B-896E-E8E87FC382C6}.Release|Any CPU.ActiveCfg = Release|Any CPU
		{BE07E63E-7F9F-409B-896E-E8E87FC382C6}.Release|Any CPU.Build.0 = Release|Any CPU
		{3C32482C-6B5A-4741-9DEB-616E9739C0A1}.Debug|Any CPU.ActiveCfg = Debug|Any CPU
		{3C32482C-6B5A-4741-9DEB-616E9739C0A1}.Debug|Any CPU.Build.0 = Debug|Any CPU
		{3C32482C-6B5A-4741-9DEB-616E9739C0A1}.Release|Any CPU.ActiveCfg = Release|Any CPU
		{3C32482C-6B5A-4741-9DEB-616E9739C0A1}.Release|Any CPU.Build.0 = Release|Any CPU
		{3877C18F-216D-4F48-BFD6-0F220FF8B2C4}.Debug|Any CPU.ActiveCfg = Debug|Any CPU
		{3877C18F-216D-4F48-BFD6-0F220FF8B2C4}.Debug|Any CPU.Build.0 = Debug|Any CPU
		{3877C18F-216D-4F48-BFD6-0F220FF8B2C4}.Release|Any CPU.ActiveCfg = Release|Any CPU
		{3877C18F-216D-4F48-BFD6-0F220FF8B2C4}.Release|Any CPU.Build.0 = Release|Any CPU
		{21E3CBA9-3532-47A4-81C1-2B167D84AAFE}.Debug|Any CPU.ActiveCfg = Debug|Any CPU
		{21E3CBA9-3532-47A4-81C1-2B167D84AAFE}.Debug|Any CPU.Build.0 = Debug|Any CPU
		{21E3CBA9-3532-47A4-81C1-2B167D84AAFE}.Release|Any CPU.ActiveCfg = Release|Any CPU
		{21E3CBA9-3532-47A4-81C1-2B167D84AAFE}.Release|Any CPU.Build.0 = Release|Any CPU
	EndGlobalSection
	GlobalSection(SolutionProperties) = preSolution
		HideSolutionNode = FALSE
	EndGlobalSection
	GlobalSection(ExtensibilityGlobals) = postSolution
		SolutionGuid = {D153D3D4-3293-4868-A613-8D9F56BBC099}
	EndGlobalSection
EndGlobal
