
Microsoft Visual Studio Solution File, Format Version 12.00
# Visual Studio Version 17
VisualStudioVersion = 17.4.33103.184
MinimumVisualStudioVersion = 10.0.40219.1
Project("{FAE04EC0-301F-11D3-BF4B-00C04F79EFBC}") = "Aoc-2022", "Aoc-2022\Aoc-2022.csproj", "{E4A51E2A-8419-4632-9425-F1795924BE06}"
EndProject
Global
	GlobalSection(SolutionConfigurationPlatforms) = preSolution
		Debug|Any CPU = Debug|Any CPU
		Release|Any CPU = Release|Any CPU
	EndGlobalSection
	GlobalSection(ProjectConfigurationPlatforms) = postSolution
		{E4A51E2A-8419-4632-9425-F1795924BE06}.Debug|Any CPU.ActiveCfg = Debug|Any CPU
		{E4A51E2A-8419-4632-9425-F1795924BE06}.Debug|Any CPU.Build.0 = Debug|Any CPU
		{E4A51E2A-8419-4632-9425-F1795924BE06}.Release|Any CPU.ActiveCfg = Release|Any CPU
		{E4A51E2A-8419-4632-9425-F1795924BE06}.Release|Any CPU.Build.0 = Release|Any CPU
	EndGlobalSection
	GlobalSection(SolutionProperties) = preSolution
		HideSolutionNode = FALSE
	EndGlobalSection
	GlobalSection(ExtensibilityGlobals) = postSolution
		SolutionGuid = {D153D3D4-3293-4868-A613-8D9F56BBC099}
	EndGlobalSection
EndGlobal
